// !$*UTF8*$!
{
	archiveVersion = 1;
	classes = {
	};
	objectVersion = 51;
	objects = {

/* Begin PBXBuildFile section */
		239890F424808EC0001EDF78 /* AppDelegate.swift in Sources */ = {isa = PBXBuildFile; fileRef = 239890F324808EC0001EDF78 /* AppDelegate.swift */; };
		239890F624808EC0001EDF78 /* SceneDelegate.swift in Sources */ = {isa = PBXBuildFile; fileRef = 239890F524808EC0001EDF78 /* SceneDelegate.swift */; };
		239890FD24808EC1001EDF78 /* Assets.xcassets in Resources */ = {isa = PBXBuildFile; fileRef = 239890FC24808EC1001EDF78 /* Assets.xcassets */; };
		2398910024808EC1001EDF78 /* LaunchScreen.storyboard in Resources */ = {isa = PBXBuildFile; fileRef = 239890FE24808EC1001EDF78 /* LaunchScreen.storyboard */; };
		2398910824808F08001EDF78 /* GoogleService-Info.plist in Resources */ = {isa = PBXBuildFile; fileRef = 2398910724808F08001EDF78 /* GoogleService-Info.plist */; };
		2398911C248095B4001EDF78 /* Constants.swift in Sources */ = {isa = PBXBuildFile; fileRef = 2398911A248095B4001EDF78 /* Constants.swift */; };
		2398911D248095B4001EDF78 /* Utilities.swift in Sources */ = {isa = PBXBuildFile; fileRef = 2398911B248095B4001EDF78 /* Utilities.swift */; };
		23989122248095CB001EDF78 /* ViewController.swift in Sources */ = {isa = PBXBuildFile; fileRef = 2398911E248095CB001EDF78 /* ViewController.swift */; };
		23989123248095CB001EDF78 /* HomeViewController.swift in Sources */ = {isa = PBXBuildFile; fileRef = 2398911F248095CB001EDF78 /* HomeViewController.swift */; };
		23989124248095CB001EDF78 /* LoginViewController.swift in Sources */ = {isa = PBXBuildFile; fileRef = 23989120248095CB001EDF78 /* LoginViewController.swift */; };
		23989125248095CB001EDF78 /* SignUpViewController.swift in Sources */ = {isa = PBXBuildFile; fileRef = 23989121248095CB001EDF78 /* SignUpViewController.swift */; };
		23989129248096BB001EDF78 /* Main.storyboard in Resources */ = {isa = PBXBuildFile; fileRef = 23989128248096BB001EDF78 /* Main.storyboard */; };
		317ECAE758FDE382926C48E5 /* Pods_upTheRiver.framework in Frameworks */ = {isa = PBXBuildFile; fileRef = 58520D13B1D3741D5599DC4D /* Pods_upTheRiver.framework */; };
/* End PBXBuildFile section */

/* Begin PBXFileReference section */
		239890F024808EC0001EDF78 /* upTheRiver.app */ = {isa = PBXFileReference; explicitFileType = wrapper.application; includeInIndex = 0; path = upTheRiver.app; sourceTree = BUILT_PRODUCTS_DIR; };
		239890F324808EC0001EDF78 /* AppDelegate.swift */ = {isa = PBXFileReference; lastKnownFileType = sourcecode.swift; path = AppDelegate.swift; sourceTree = "<group>"; };
		239890F524808EC0001EDF78 /* SceneDelegate.swift */ = {isa = PBXFileReference; lastKnownFileType = sourcecode.swift; path = SceneDelegate.swift; sourceTree = "<group>"; };
		239890FC24808EC1001EDF78 /* Assets.xcassets */ = {isa = PBXFileReference; lastKnownFileType = folder.assetcatalog; path = Assets.xcassets; sourceTree = "<group>"; };
		239890FF24808EC1001EDF78 /* Base */ = {isa = PBXFileReference; lastKnownFileType = file.storyboard; name = Base; path = Base.lproj/LaunchScreen.storyboard; sourceTree = "<group>"; };
		2398910124808EC1001EDF78 /* Info.plist */ = {isa = PBXFileReference; lastKnownFileType = text.plist.xml; path = Info.plist; sourceTree = "<group>"; };
		2398910724808F08001EDF78 /* GoogleService-Info.plist */ = {isa = PBXFileReference; fileEncoding = 4; lastKnownFileType = text.plist.xml; name = "GoogleService-Info.plist"; path = "../../../Downloads/GoogleService-Info.plist"; sourceTree = "<group>"; };
		2398911A248095B4001EDF78 /* Constants.swift */ = {isa = PBXFileReference; fileEncoding = 4; lastKnownFileType = sourcecode.swift; path = Constants.swift; sourceTree = "<group>"; };
		2398911B248095B4001EDF78 /* Utilities.swift */ = {isa = PBXFileReference; fileEncoding = 4; lastKnownFileType = sourcecode.swift; path = Utilities.swift; sourceTree = "<group>"; };
		2398911E248095CB001EDF78 /* ViewController.swift */ = {isa = PBXFileReference; fileEncoding = 4; lastKnownFileType = sourcecode.swift; path = ViewController.swift; sourceTree = "<group>"; };
		2398911F248095CB001EDF78 /* HomeViewController.swift */ = {isa = PBXFileReference; fileEncoding = 4; lastKnownFileType = sourcecode.swift; path = HomeViewController.swift; sourceTree = "<group>"; };
		23989120248095CB001EDF78 /* LoginViewController.swift */ = {isa = PBXFileReference; fileEncoding = 4; lastKnownFileType = sourcecode.swift; path = LoginViewController.swift; sourceTree = "<group>"; };
		23989121248095CB001EDF78 /* SignUpViewController.swift */ = {isa = PBXFileReference; fileEncoding = 4; lastKnownFileType = sourcecode.swift; path = SignUpViewController.swift; sourceTree = "<group>"; };
		23989128248096BB001EDF78 /* Main.storyboard */ = {isa = PBXFileReference; fileEncoding = 4; lastKnownFileType = file.storyboard; path = Main.storyboard; sourceTree = "<group>"; };
		58520D13B1D3741D5599DC4D /* Pods_upTheRiver.framework */ = {isa = PBXFileReference; explicitFileType = wrapper.framework; includeInIndex = 0; path = Pods_upTheRiver.framework; sourceTree = BUILT_PRODUCTS_DIR; };
		6788A69D35A354EFD6B36A13 /* Pods-upTheRiver.debug.xcconfig */ = {isa = PBXFileReference; includeInIndex = 1; lastKnownFileType = text.xcconfig; name = "Pods-upTheRiver.debug.xcconfig"; path = "Target Support Files/Pods-upTheRiver/Pods-upTheRiver.debug.xcconfig"; sourceTree = "<group>"; };
		72F8DC488BAB06433C336675 /* Pods-upTheRiver.release.xcconfig */ = {isa = PBXFileReference; includeInIndex = 1; lastKnownFileType = text.xcconfig; name = "Pods-upTheRiver.release.xcconfig"; path = "Target Support Files/Pods-upTheRiver/Pods-upTheRiver.release.xcconfig"; sourceTree = "<group>"; };
/* End PBXFileReference section */

/* Begin PBXFrameworksBuildPhase section */
		239890ED24808EC0001EDF78 /* Frameworks */ = {
			isa = PBXFrameworksBuildPhase;
			buildActionMask = 2147483647;
			files = (
				317ECAE758FDE382926C48E5 /* Pods_upTheRiver.framework in Frameworks */,
			);
			runOnlyForDeploymentPostprocessing = 0;
		};
/* End PBXFrameworksBuildPhase section */

/* Begin PBXGroup section */
		0207BC8B6BFF3BD30C79ADFE /* Pods */ = {
			isa = PBXGroup;
			children = (
				6788A69D35A354EFD6B36A13 /* Pods-upTheRiver.debug.xcconfig */,
				72F8DC488BAB06433C336675 /* Pods-upTheRiver.release.xcconfig */,
			);
			path = Pods;
			sourceTree = "<group>";
		};
		239890E724808EC0001EDF78 = {
			isa = PBXGroup;
			children = (
				239890F224808EC0001EDF78 /* upTheRiver */,
				239890F124808EC0001EDF78 /* Products */,
				0207BC8B6BFF3BD30C79ADFE /* Pods */,
				75252F76FA03D31B8CCF43B5 /* Frameworks */,
			);
			sourceTree = "<group>";
		};
		239890F124808EC0001EDF78 /* Products */ = {
			isa = PBXGroup;
			children = (
				239890F024808EC0001EDF78 /* upTheRiver.app */,
			);
			name = Products;
			sourceTree = "<group>";
		};
		239890F224808EC0001EDF78 /* upTheRiver */ = {
			isa = PBXGroup;
			children = (
				2398911224808FEA001EDF78 /* Helpers */,
				2398910924808FD4001EDF78 /* View Controllers */,
				239890F324808EC0001EDF78 /* AppDelegate.swift */,
				239890F524808EC0001EDF78 /* SceneDelegate.swift */,
				239890FC24808EC1001EDF78 /* Assets.xcassets */,
				23989128248096BB001EDF78 /* Main.storyboard */,
				239890FE24808EC1001EDF78 /* LaunchScreen.storyboard */,
				2398910124808EC1001EDF78 /* Info.plist */,
				2398910724808F08001EDF78 /* GoogleService-Info.plist */,
			);
			path = upTheRiver;
			sourceTree = "<group>";
		};
		2398910924808FD4001EDF78 /* View Controllers */ = {
			isa = PBXGroup;
			children = (
				2398911F248095CB001EDF78 /* HomeViewController.swift */,
				23989120248095CB001EDF78 /* LoginViewController.swift */,
				23989121248095CB001EDF78 /* SignUpViewController.swift */,
				2398911E248095CB001EDF78 /* ViewController.swift */,
			);
			path = "View Controllers";
			sourceTree = "<group>";
		};
		2398911224808FEA001EDF78 /* Helpers */ = {
			isa = PBXGroup;
			children = (
				2398911A248095B4001EDF78 /* Constants.swift */,
				2398911B248095B4001EDF78 /* Utilities.swift */,
			);
			path = Helpers;
			sourceTree = "<group>";
		};
		75252F76FA03D31B8CCF43B5 /* Frameworks */ = {
			isa = PBXGroup;
			children = (
				58520D13B1D3741D5599DC4D /* Pods_upTheRiver.framework */,
			);
			name = Frameworks;
			sourceTree = "<group>";
		};
/* End PBXGroup section */

/* Begin PBXNativeTarget section */
		239890EF24808EC0001EDF78 /* upTheRiver */ = {
			isa = PBXNativeTarget;
			buildConfigurationList = 2398910424808EC1001EDF78 /* Build configuration list for PBXNativeTarget "upTheRiver" */;
			buildPhases = (
				3BEC7AE66019F2EFBB92FA05 /* [CP] Check Pods Manifest.lock */,
				239890EC24808EC0001EDF78 /* Sources */,
				239890ED24808EC0001EDF78 /* Frameworks */,
				239890EE24808EC0001EDF78 /* Resources */,
				CC15A5835DA0AFB350382E4A /* [CP] Embed Pods Frameworks */,
			);
			buildRules = (
			);
			dependencies = (
			);
			name = upTheRiver;
			productName = upTheRiver;
			productReference = 239890F024808EC0001EDF78 /* upTheRiver.app */;
			productType = "com.apple.product-type.application";
		};
/* End PBXNativeTarget section */

/* Begin PBXProject section */
		239890E824808EC0001EDF78 /* Project object */ = {
			isa = PBXProject;
			attributes = {
				LastSwiftUpdateCheck = 1130;
				LastUpgradeCheck = 1130;
				ORGANIZATIONNAME = "Matthew Rinne";
				TargetAttributes = {
					239890EF24808EC0001EDF78 = {
						CreatedOnToolsVersion = 11.3.1;
					};
				};
			};
			buildConfigurationList = 239890EB24808EC0001EDF78 /* Build configuration list for PBXProject "upTheRiver" */;
			compatibilityVersion = "Xcode 9.3";
			developmentRegion = en;
			hasScannedForEncodings = 0;
			knownRegions = (
				en,
				Base,
			);
			mainGroup = 239890E724808EC0001EDF78;
			productRefGroup = 239890F124808EC0001EDF78 /* Products */;
			projectDirPath = "";
			projectRoot = "";
			targets = (
				239890EF24808EC0001EDF78 /* upTheRiver */,
			);
		};
/* End PBXProject section */

/* Begin PBXResourcesBuildPhase section */
		239890EE24808EC0001EDF78 /* Resources */ = {
			isa = PBXResourcesBuildPhase;
			buildActionMask = 2147483647;
			files = (
				2398910024808EC1001EDF78 /* LaunchScreen.storyboard in Resources */,
				2398910824808F08001EDF78 /* GoogleService-Info.plist in Resources */,
				239890FD24808EC1001EDF78 /* Assets.xcassets in Resources */,
				23989129248096BB001EDF78 /* Main.storyboard in Resources */,
			);
			runOnlyForDeploymentPostprocessing = 0;
		};
/* End PBXResourcesBuildPhase section */

/* Begin PBXShellScriptBuildPhase section */
		3BEC7AE66019F2EFBB92FA05 /* [CP] Check Pods Manifest.lock */ = {
			isa = PBXShellScriptBuildPhase;
			buildActionMask = 2147483647;
			files = (
			);
			inputFileListPaths = (
			);
			inputPaths = (
				"${PODS_PODFILE_DIR_PATH}/Podfile.lock",
				"${PODS_ROOT}/Manifest.lock",
			);
			name = "[CP] Check Pods Manifest.lock";
			outputFileListPaths = (
			);
			outputPaths = (
				"$(DERIVED_FILE_DIR)/Pods-upTheRiver-checkManifestLockResult.txt",
			);
			runOnlyForDeploymentPostprocessing = 0;
			shellPath = /bin/sh;
			shellScript = "diff \"${PODS_PODFILE_DIR_PATH}/Podfile.lock\" \"${PODS_ROOT}/Manifest.lock\" > /dev/null\nif [ $? != 0 ] ; then\n    # print error to STDERR\n    echo \"error: The sandbox is not in sync with the Podfile.lock. Run 'pod install' or update your CocoaPods installation.\" >&2\n    exit 1\nfi\n# This output is used by Xcode 'outputs' to avoid re-running this script phase.\necho \"SUCCESS\" > \"${SCRIPT_OUTPUT_FILE_0}\"\n";
			showEnvVarsInLog = 0;
		};
		CC15A5835DA0AFB350382E4A /* [CP] Embed Pods Frameworks */ = {
			isa = PBXShellScriptBuildPhase;
			buildActionMask = 2147483647;
			files = (
			);
			inputFileListPaths = (
				"${PODS_ROOT}/Target Support Files/Pods-upTheRiver/Pods-upTheRiver-frameworks-${CONFIGURATION}-input-files.xcfilelist",
			);
			name = "[CP] Embed Pods Frameworks";
			outputFileListPaths = (
				"${PODS_ROOT}/Target Support Files/Pods-upTheRiver/Pods-upTheRiver-frameworks-${CONFIGURATION}-output-files.xcfilelist",
			);
			runOnlyForDeploymentPostprocessing = 0;
			shellPath = /bin/sh;
			shellScript = "\"${PODS_ROOT}/Target Support Files/Pods-upTheRiver/Pods-upTheRiver-frameworks.sh\"\n";
			showEnvVarsInLog = 0;
		};
/* End PBXShellScriptBuildPhase section */

/* Begin PBXSourcesBuildPhase section */
		239890EC24808EC0001EDF78 /* Sources */ = {
			isa = PBXSourcesBuildPhase;
			buildActionMask = 2147483647;
			files = (
				23989124248095CB001EDF78 /* LoginViewController.swift in Sources */,
				23989122248095CB001EDF78 /* ViewController.swift in Sources */,
				23989125248095CB001EDF78 /* SignUpViewController.swift in Sources */,
				239890F424808EC0001EDF78 /* AppDelegate.swift in Sources */,
				239890F624808EC0001EDF78 /* SceneDelegate.swift in Sources */,
				2398911D248095B4001EDF78 /* Utilities.swift in Sources */,
				2398911C248095B4001EDF78 /* Constants.swift in Sources */,
				23989123248095CB001EDF78 /* HomeViewController.swift in Sources */,
			);
			runOnlyForDeploymentPostprocessing = 0;
		};
/* End PBXSourcesBuildPhase section */

/* Begin PBXVariantGroup section */
		239890FE24808EC1001EDF78 /* LaunchScreen.storyboard */ = {
			isa = PBXVariantGroup;
			children = (
				239890FF24808EC1001EDF78 /* Base */,
			);
			name = LaunchScreen.storyboard;
			sourceTree = "<group>";
		};
/* End PBXVariantGroup section */

/* Begin XCBuildConfiguration section */
		2398910224808EC1001EDF78 /* Debug */ = {
			isa = XCBuildConfiguration;
			buildSettings = {
				ALWAYS_SEARCH_USER_PATHS = NO;
				CLANG_ANALYZER_NONNULL = YES;
				CLANG_ANALYZER_NUMBER_OBJECT_CONVERSION = YES_AGGRESSIVE;
				CLANG_CXX_LANGUAGE_STANDARD = "gnu++14";
				CLANG_CXX_LIBRARY = "libc++";
				CLANG_ENABLE_MODULES = YES;
				CLANG_ENABLE_OBJC_ARC = YES;
				CLANG_ENABLE_OBJC_WEAK = YES;
				CLANG_WARN_BLOCK_CAPTURE_AUTORELEASING = YES;
				CLANG_WARN_BOOL_CONVERSION = YES;
				CLANG_WARN_COMMA = YES;
				CLANG_WARN_CONSTANT_CONVERSION = YES;
				CLANG_WARN_DEPRECATED_OBJC_IMPLEMENTATIONS = YES;
				CLANG_WARN_DIRECT_OBJC_ISA_USAGE = YES_ERROR;
				CLANG_WARN_DOCUMENTATION_COMMENTS = YES;
				CLANG_WARN_EMPTY_BODY = YES;
				CLANG_WARN_ENUM_CONVERSION = YES;
				CLANG_WARN_INFINITE_RECURSION = YES;
				CLANG_WARN_INT_CONVERSION = YES;
				CLANG_WARN_NON_LITERAL_NULL_CONVERSION = YES;
				CLANG_WARN_OBJC_IMPLICIT_RETAIN_SELF = YES;
				CLANG_WARN_OBJC_LITERAL_CONVERSION = YES;
				CLANG_WARN_OBJC_ROOT_CLASS = YES_ERROR;
				CLANG_WARN_RANGE_LOOP_ANALYSIS = YES;
				CLANG_WARN_STRICT_PROTOTYPES = YES;
				CLANG_WARN_SUSPICIOUS_MOVE = YES;
				CLANG_WARN_UNGUARDED_AVAILABILITY = YES_AGGRESSIVE;
				CLANG_WARN_UNREACHABLE_CODE = YES;
				CLANG_WARN__DUPLICATE_METHOD_MATCH = YES;
				COPY_PHASE_STRIP = NO;
				DEBUG_INFORMATION_FORMAT = dwarf;
				ENABLE_STRICT_OBJC_MSGSEND = YES;
				ENABLE_TESTABILITY = YES;
				GCC_C_LANGUAGE_STANDARD = gnu11;
				GCC_DYNAMIC_NO_PIC = NO;
				GCC_NO_COMMON_BLOCKS = YES;
				GCC_OPTIMIZATION_LEVEL = 0;
				GCC_PREPROCESSOR_DEFINITIONS = (
					"DEBUG=1",
					"$(inherited)",
				);
				GCC_WARN_64_TO_32_BIT_CONVERSION = YES;
				GCC_WARN_ABOUT_RETURN_TYPE = YES_ERROR;
				GCC_WARN_UNDECLARED_SELECTOR = YES;
				GCC_WARN_UNINITIALIZED_AUTOS = YES_AGGRESSIVE;
				GCC_WARN_UNUSED_FUNCTION = YES;
				GCC_WARN_UNUSED_VARIABLE = YES;
				IPHONEOS_DEPLOYMENT_TARGET = 13.2;
				MTL_ENABLE_DEBUG_INFO = INCLUDE_SOURCE;
				MTL_FAST_MATH = YES;
				ONLY_ACTIVE_ARCH = YES;
				SDKROOT = iphoneos;
				SWIFT_ACTIVE_COMPILATION_CONDITIONS = DEBUG;
				SWIFT_OPTIMIZATION_LEVEL = "-Onone";
			};
			name = Debug;
		};
		2398910324808EC1001EDF78 /* Release */ = {
			isa = XCBuildConfiguration;
			buildSettings = {
				ALWAYS_SEARCH_USER_PATHS = NO;
				CLANG_ANALYZER_NONNULL = YES;
				CLANG_ANALYZER_NUMBER_OBJECT_CONVERSION = YES_AGGRESSIVE;
				CLANG_CXX_LANGUAGE_STANDARD = "gnu++14";
				CLANG_CXX_LIBRARY = "libc++";
				CLANG_ENABLE_MODULES = YES;
				CLANG_ENABLE_OBJC_ARC = YES;
				CLANG_ENABLE_OBJC_WEAK = YES;
				CLANG_WARN_BLOCK_CAPTURE_AUTORELEASING = YES;
				CLANG_WARN_BOOL_CONVERSION = YES;
				CLANG_WARN_COMMA = YES;
				CLANG_WARN_CONSTANT_CONVERSION = YES;
				CLANG_WARN_DEPRECATED_OBJC_IMPLEMENTATIONS = YES;
				CLANG_WARN_DIRECT_OBJC_ISA_USAGE = YES_ERROR;
				CLANG_WARN_DOCUMENTATION_COMMENTS = YES;
				CLANG_WARN_EMPTY_BODY = YES;
				CLANG_WARN_ENUM_CONVERSION = YES;
				CLANG_WARN_INFINITE_RECURSION = YES;
				CLANG_WARN_INT_CONVERSION = YES;
				CLANG_WARN_NON_LITERAL_NULL_CONVERSION = YES;
				CLANG_WARN_OBJC_IMPLICIT_RETAIN_SELF = YES;
				CLANG_WARN_OBJC_LITERAL_CONVERSION = YES;
				CLANG_WARN_OBJC_ROOT_CLASS = YES_ERROR;
				CLANG_WARN_RANGE_LOOP_ANALYSIS = YES;
				CLANG_WARN_STRICT_PROTOTYPES = YES;
				CLANG_WARN_SUSPICIOUS_MOVE = YES;
				CLANG_WARN_UNGUARDED_AVAILABILITY = YES_AGGRESSIVE;
				CLANG_WARN_UNREACHABLE_CODE = YES;
				CLANG_WARN__DUPLICATE_METHOD_MATCH = YES;
				COPY_PHASE_STRIP = NO;
				DEBUG_INFORMATION_FORMAT = "dwarf-with-dsym";
				ENABLE_NS_ASSERTIONS = NO;
				ENABLE_STRICT_OBJC_MSGSEND = YES;
				GCC_C_LANGUAGE_STANDARD = gnu11;
				GCC_NO_COMMON_BLOCKS = YES;
				GCC_WARN_64_TO_32_BIT_CONVERSION = YES;
				GCC_WARN_ABOUT_RETURN_TYPE = YES_ERROR;
				GCC_WARN_UNDECLARED_SELECTOR = YES;
				GCC_WARN_UNINITIALIZED_AUTOS = YES_AGGRESSIVE;
				GCC_WARN_UNUSED_FUNCTION = YES;
				GCC_WARN_UNUSED_VARIABLE = YES;
				IPHONEOS_DEPLOYMENT_TARGET = 13.2;
				MTL_ENABLE_DEBUG_INFO = NO;
				MTL_FAST_MATH = YES;
				SDKROOT = iphoneos;
				SWIFT_COMPILATION_MODE = wholemodule;
				SWIFT_OPTIMIZATION_LEVEL = "-O";
				VALIDATE_PRODUCT = YES;
			};
			name = Release;
		};
		2398910524808EC1001EDF78 /* Debug */ = {
			isa = XCBuildConfiguration;
			baseConfigurationReference = 6788A69D35A354EFD6B36A13 /* Pods-upTheRiver.debug.xcconfig */;
			buildSettings = {
				ASSETCATALOG_COMPILER_APPICON_NAME = AppIcon;
				CODE_SIGN_STYLE = Automatic;
				INFOPLIST_FILE = upTheRiver/Info.plist;
				LD_RUNPATH_SEARCH_PATHS = (
					"$(inherited)",
					"@executable_path/Frameworks",
				);
				PRODUCT_BUNDLE_IDENTIFIER = com.matthewrinne.upTheRiver;
				PRODUCT_NAME = "$(TARGET_NAME)";
				SWIFT_VERSION = 5.0;
				TARGETED_DEVICE_FAMILY = "1,2";
			};
			name = Debug;
		};
		2398910624808EC1001EDF78 /* Release */ = {
			isa = XCBuildConfiguration;
			baseConfigurationReference = 72F8DC488BAB06433C336675 /* Pods-upTheRiver.release.xcconfig */;
			buildSettings = {
				ASSETCATALOG_COMPILER_APPICON_NAME = AppIcon;
				CODE_SIGN_STYLE = Automatic;
				INFOPLIST_FILE = upTheRiver/Info.plist;
				LD_RUNPATH_SEARCH_PATHS = (
					"$(inherited)",
					"@executable_path/Frameworks",
				);
				PRODUCT_BUNDLE_IDENTIFIER = com.matthewrinne.upTheRiver;
				PRODUCT_NAME = "$(TARGET_NAME)";
				SWIFT_VERSION = 5.0;
				TARGETED_DEVICE_FAMILY = "1,2";
			};
			name = Release;
		};
/* End XCBuildConfiguration section */

/* Begin XCConfigurationList section */
		239890EB24808EC0001EDF78 /* Build configuration list for PBXProject "upTheRiver" */ = {
			isa = XCConfigurationList;
			buildConfigurations = (
				2398910224808EC1001EDF78 /* Debug */,
				2398910324808EC1001EDF78 /* Release */,
			);
			defaultConfigurationIsVisible = 0;
			defaultConfigurationName = Release;
		};
		2398910424808EC1001EDF78 /* Build configuration list for PBXNativeTarget "upTheRiver" */ = {
			isa = XCConfigurationList;
			buildConfigurations = (
				2398910524808EC1001EDF78 /* Debug */,
				2398910624808EC1001EDF78 /* Release */,
			);
			defaultConfigurationIsVisible = 0;
			defaultConfigurationName = Release;
		};
/* End XCConfigurationList section */
	};
	rootObject = 239890E824808EC0001EDF78 /* Project object */;
}
